
Microsoft Visual Studio Solution File, Format Version 12.00
# Visual Studio Version 17
VisualStudioVersion = 17.14.36301.6 d17.14
MinimumVisualStudioVersion = 10.0.40219.1
Project("{FAE04EC0-301F-11D3-BF4B-00C04F79EFBC}") = "CommonDb", "CommonDb\CommonDb.csproj", "{247BECFC-E1E5-46EF-82B9-E0676AC7BB0B}"
EndProject
Global
	GlobalSection(SolutionConfigurationPlatforms) = preSolution
		Debug|Any CPU = Debug|Any CPU
		Release|Any CPU = Release|Any CPU
	EndGlobalSection
	GlobalSection(ProjectConfigurationPlatforms) = postSolution
		{247BECFC-E1E5-46EF-82B9-E0676AC7BB0B}.Debug|Any CPU.ActiveCfg = Debug|Any CPU
		{247BECFC-E1E5-46EF-82B9-E0676AC7BB0B}.Debug|Any CPU.Build.0 = Debug|Any CPU
		{247BECFC-E1E5-46EF-82B9-E0676AC7BB0B}.Release|Any CPU.ActiveCfg = Release|Any CPU
		{247BECFC-E1E5-46EF-82B9-E0676AC7BB0B}.Release|Any CPU.Build.0 = Release|Any CPU
	EndGlobalSection
	GlobalSection(SolutionProperties) = preSolution
		HideSolutionNode = FALSE
	EndGlobalSection
	GlobalSection(ExtensibilityGlobals) = postSolution
		SolutionGuid = {64F07C99-1472-467D-B312-4E84898860F7}
	EndGlobalSection
EndGlobal
