
Microsoft Visual Studio Solution File, Format Version 12.00
# Visual Studio Version 17
VisualStudioVersion = 17.14.36915.13 d17.14
MinimumVisualStudioVersion = 10.0.40219.1
Project("{FAE04EC0-301F-11D3-BF4B-00C04F79EFBC}") = "CommonKnowledge.WebAPI", "CommonKnowledge.WebAPI\CommonKnowledge.WebAPI.csproj", "{6827E289-1264-4DAA-B883-80AFAF085AFB}"
EndProject
Global
	GlobalSection(SolutionConfigurationPlatforms) = preSolution
		Debug|Any CPU = Debug|Any CPU
		Release|Any CPU = Release|Any CPU
	EndGlobalSection
	GlobalSection(ProjectConfigurationPlatforms) = postSolution
		{6827E289-1264-4DAA-B883-80AFAF085AFB}.Debug|Any CPU.ActiveCfg = Debug|Any CPU
		{6827E289-1264-4DAA-B883-80AFAF085AFB}.Debug|Any CPU.Build.0 = Debug|Any CPU
		{6827E289-1264-4DAA-B883-80AFAF085AFB}.Release|Any CPU.ActiveCfg = Release|Any CPU
		{6827E289-1264-4DAA-B883-80AFAF085AFB}.Release|Any CPU.Build.0 = Release|Any CPU
	EndGlobalSection
	GlobalSection(SolutionProperties) = preSolution
		HideSolutionNode = FALSE
	EndGlobalSection
	GlobalSection(ExtensibilityGlobals) = postSolution
		SolutionGuid = {6BAB3CC8-B4E9-467A-A300-9830D746D528}
	EndGlobalSection
EndGlobal
