
Microsoft Visual Studio Solution File, Format Version 12.00
# Visual Studio Version 17
VisualStudioVersion = 17.14.36915.13 d17.14
MinimumVisualStudioVersion = 10.0.40219.1
Project("{FAE04EC0-301F-11D3-BF4B-00C04F79EFBC}") = "Vue.NetCore.Sample1.WebApi", "Vue.NetCore.Sample1.WebApi\Vue.NetCore.Sample1.WebApi.csproj", "{C44FEBFD-A40F-476E-AE38-65D08FC35974}"
EndProject
Global
	GlobalSection(SolutionConfigurationPlatforms) = preSolution
		Debug|Any CPU = Debug|Any CPU
		Release|Any CPU = Release|Any CPU
	EndGlobalSection
	GlobalSection(ProjectConfigurationPlatforms) = postSolution
		{C44FEBFD-A40F-476E-AE38-65D08FC35974}.Debug|Any CPU.ActiveCfg = Debug|Any CPU
		{C44FEBFD-A40F-476E-AE38-65D08FC35974}.Debug|Any CPU.Build.0 = Debug|Any CPU
		{C44FEBFD-A40F-476E-AE38-65D08FC35974}.Release|Any CPU.ActiveCfg = Release|Any CPU
		{C44FEBFD-A40F-476E-AE38-65D08FC35974}.Release|Any CPU.Build.0 = Release|Any CPU
	EndGlobalSection
	GlobalSection(SolutionProperties) = preSolution
		HideSolutionNode = FALSE
	EndGlobalSection
	GlobalSection(ExtensibilityGlobals) = postSolution
		SolutionGuid = {A91D76F3-2C2E-4E9E-A993-7DA930F2903D}
	EndGlobalSection
EndGlobal
